// !$*UTF8*$!
{
	archiveVersion = 1;
	classes = {
	};
	objectVersion = 46;
	objects = {

/* Begin PBXBuildFile section */
		06F158E51AFC5DE1006F7007 /* AppDelegate.swift in Sources */ = {isa = PBXBuildFile; fileRef = 06F158E41AFC5DE1006F7007 /* AppDelegate.swift */; };
		06F158E71AFC5DE1006F7007 /* Images.xcassets in Resources */ = {isa = PBXBuildFile; fileRef = 06F158E61AFC5DE1006F7007 /* Images.xcassets */; };
		06F158EA1AFC5DE1006F7007 /* MainMenu.xib in Resources */ = {isa = PBXBuildFile; fileRef = 06F158E81AFC5DE1006F7007 /* MainMenu.xib */; };
		06F158F61AFC5DE1006F7007 /* octowriterTests.swift in Sources */ = {isa = PBXBuildFile; fileRef = 06F158F51AFC5DE1006F7007 /* octowriterTests.swift */; };
/* End PBXBuildFile section */

/* Begin PBXContainerItemProxy section */
		06F158F01AFC5DE1006F7007 /* PBXContainerItemProxy */ = {
			isa = PBXContainerItemProxy;
			containerPortal = 06F158D71AFC5DE1006F7007 /* Project object */;
			proxyType = 1;
			remoteGlobalIDString = 06F158DE1AFC5DE1006F7007;
			remoteInfo = octowriter;
		};
/* End PBXContainerItemProxy section */

/* Begin PBXFileReference section */
		06F158DF1AFC5DE1006F7007 /* octowriter.app */ = {isa = PBXFileReference; explicitFileType = wrapper.application; includeInIndex = 0; path = octowriter.app; sourceTree = BUILT_PRODUCTS_DIR; };
		06F158E31AFC5DE1006F7007 /* Info.plist */ = {isa = PBXFileReference; lastKnownFileType = text.plist.xml; path = Info.plist; sourceTree = "<group>"; };
		06F158E41AFC5DE1006F7007 /* AppDelegate.swift */ = {isa = PBXFileReference; lastKnownFileType = sourcecode.swift; path = AppDelegate.swift; sourceTree = "<group>"; };
		06F158E61AFC5DE1006F7007 /* Images.xcassets */ = {isa = PBXFileReference; lastKnownFileType = folder.assetcatalog; path = Images.xcassets; sourceTree = "<group>"; };
		06F158E91AFC5DE1006F7007 /* Base */ = {isa = PBXFileReference; lastKnownFileType = file.xib; name = Base; path = Base.lproj/MainMenu.xib; sourceTree = "<group>"; };
		06F158EF1AFC5DE1006F7007 /* octowriterTests.xctest */ = {isa = PBXFileReference; explicitFileType = wrapper.cfbundle; includeInIndex = 0; path = octowriterTests.xctest; sourceTree = BUILT_PRODUCTS_DIR; };
		06F158F41AFC5DE1006F7007 /* Info.plist */ = {isa = PBXFileReference; lastKnownFileType = text.plist.xml; path = Info.plist; sourceTree = "<group>"; };
		06F158F51AFC5DE1006F7007 /* octowriterTests.swift */ = {isa = PBXFileReference; lastKnownFileType = sourcecode.swift; path = octowriterTests.swift; sourceTree = "<group>"; };
/* End PBXFileReference section */

/* Begin PBXFrameworksBuildPhase section */
		06F158DC1AFC5DE1006F7007 /* Frameworks */ = {
			isa = PBXFrameworksBuildPhase;
			buildActionMask = 2147483647;
			files = (
			);
			runOnlyForDeploymentPostprocessing = 0;
		};
		06F158EC1AFC5DE1006F7007 /* Frameworks */ = {
			isa = PBXFrameworksBuildPhase;
			buildActionMask = 2147483647;
			files = (
			);
			runOnlyForDeploymentPostprocessing = 0;
		};
/* End PBXFrameworksBuildPhase section */

/* Begin PBXGroup section */
		06F158D61AFC5DE1006F7007 = {
			isa = PBXGroup;
			children = (
				06F158E11AFC5DE1006F7007 /* octowriter */,
				06F158F21AFC5DE1006F7007 /* octowriterTests */,
				06F158E01AFC5DE1006F7007 /* Products */,
			);
			sourceTree = "<group>";
		};
		06F158E01AFC5DE1006F7007 /* Products */ = {
			isa = PBXGroup;
			children = (
				06F158DF1AFC5DE1006F7007 /* octowriter.app */,
				06F158EF1AFC5DE1006F7007 /* octowriterTests.xctest */,
			);
			name = Products;
			sourceTree = "<group>";
		};
		06F158E11AFC5DE1006F7007 /* octowriter */ = {
			isa = PBXGroup;
			children = (
				06F158E41AFC5DE1006F7007 /* AppDelegate.swift */,
				06F158E61AFC5DE1006F7007 /* Images.xcassets */,
				06F158E81AFC5DE1006F7007 /* MainMenu.xib */,
				06F158E21AFC5DE1006F7007 /* Supporting Files */,
			);
			path = octowriter;
			sourceTree = "<group>";
		};
		06F158E21AFC5DE1006F7007 /* Supporting Files */ = {
			isa = PBXGroup;
			children = (
				06F158E31AFC5DE1006F7007 /* Info.plist */,
			);
			name = "Supporting Files";
			sourceTree = "<group>";
		};
		06F158F21AFC5DE1006F7007 /* octowriterTests */ = {
			isa = PBXGroup;
			children = (
				06F158F51AFC5DE1006F7007 /* octowriterTests.swift */,
				06F158F31AFC5DE1006F7007 /* Supporting Files */,
			);
			path = octowriterTests;
			sourceTree = "<group>";
		};
		06F158F31AFC5DE1006F7007 /* Supporting Files */ = {
			isa = PBXGroup;
			children = (
				06F158F41AFC5DE1006F7007 /* Info.plist */,
			);
			name = "Supporting Files";
			sourceTree = "<group>";
		};
/* End PBXGroup section */

/* Begin PBXNativeTarget section */
		06F158DE1AFC5DE1006F7007 /* octowriter */ = {
			isa = PBXNativeTarget;
			buildConfigurationList = 06F158F91AFC5DE1006F7007 /* Build configuration list for PBXNativeTarget "octowriter" */;
			buildPhases = (
				06F158DB1AFC5DE1006F7007 /* Sources */,
				06F158DC1AFC5DE1006F7007 /* Frameworks */,
				06F158DD1AFC5DE1006F7007 /* Resources */,
			);
			buildRules = (
			);
			dependencies = (
			);
			name = octowriter;
			productName = octowriter;
			productReference = 06F158DF1AFC5DE1006F7007 /* octowriter.app */;
			productType = "com.apple.product-type.application";
		};
		06F158EE1AFC5DE1006F7007 /* octowriterTests */ = {
			isa = PBXNativeTarget;
			buildConfigurationList = 06F158FC1AFC5DE1006F7007 /* Build configuration list for PBXNativeTarget "octowriterTests" */;
			buildPhases = (
				06F158EB1AFC5DE1006F7007 /* Sources */,
				06F158EC1AFC5DE1006F7007 /* Frameworks */,
				06F158ED1AFC5DE1006F7007 /* Resources */,
			);
			buildRules = (
			);
			dependencies = (
				06F158F11AFC5DE1006F7007 /* PBXTargetDependency */,
			);
			name = octowriterTests;
			productName = octowriterTests;
			productReference = 06F158EF1AFC5DE1006F7007 /* octowriterTests.xctest */;
			productType = "com.apple.product-type.bundle.unit-test";
		};
/* End PBXNativeTarget section */

/* Begin PBXProject section */
		06F158D71AFC5DE1006F7007 /* Project object */ = {
			isa = PBXProject;
			attributes = {
				LastUpgradeCheck = 0630;
				ORGANIZATIONNAME = Yuez;
				TargetAttributes = {
					06F158DE1AFC5DE1006F7007 = {
						CreatedOnToolsVersion = 6.3.1;
					};
					06F158EE1AFC5DE1006F7007 = {
						CreatedOnToolsVersion = 6.3.1;
						TestTargetID = 06F158DE1AFC5DE1006F7007;
					};
				};
			};
			buildConfigurationList = 06F158DA1AFC5DE1006F7007 /* Build configuration list for PBXProject "octowriter" */;
			compatibilityVersion = "Xcode 3.2";
			developmentRegion = English;
			hasScannedForEncodings = 0;
			knownRegions = (
				en,
				Base,
			);
			mainGroup = 06F158D61AFC5DE1006F7007;
			productRefGroup = 06F158E01AFC5DE1006F7007 /* Products */;
			projectDirPath = "";
			projectRoot = "";
			targets = (
				06F158DE1AFC5DE1006F7007 /* octowriter */,
				06F158EE1AFC5DE1006F7007 /* octowriterTests */,
			);
		};
/* End PBXProject section */

/* Begin PBXResourcesBuildPhase section */
		06F158DD1AFC5DE1006F7007 /* Resources */ = {
			isa = PBXResourcesBuildPhase;
			buildActionMask = 2147483647;
			files = (
				06F158E71AFC5DE1006F7007 /* Images.xcassets in Resources */,
				06F158EA1AFC5DE1006F7007 /* MainMenu.xib in Resources */,
			);
			runOnlyForDeploymentPostprocessing = 0;
		};
		06F158ED1AFC5DE1006F7007 /* Resources */ = {
			isa = PBXResourcesBuildPhase;
			buildActionMask = 2147483647;
			files = (
			);
			runOnlyForDeploymentPostprocessing = 0;
		};
/* End PBXResourcesBuildPhase section */

/* Begin PBXSourcesBuildPhase section */
		06F158DB1AFC5DE1006F7007 /* Sources */ = {
			isa = PBXSourcesBuildPhase;
			buildActionMask = 2147483647;
			files = (
				06F158E51AFC5DE1006F7007 /* AppDelegate.swift in Sources */,
			);
			runOnlyForDeploymentPostprocessing = 0;
		};
		06F158EB1AFC5DE1006F7007 /* Sources */ = {
			isa = PBXSourcesBuildPhase;
			buildActionMask = 2147483647;
			files = (
				06F158F61AFC5DE1006F7007 /* octowriterTests.swift in Sources */,
			);
			runOnlyForDeploymentPostprocessing = 0;
		};
/* End PBXSourcesBuildPhase section */

/* Begin PBXTargetDependency section */
		06F158F11AFC5DE1006F7007 /* PBXTargetDependency */ = {
			isa = PBXTargetDependency;
			target = 06F158DE1AFC5DE1006F7007 /* octowriter */;
			targetProxy = 06F158F01AFC5DE1006F7007 /* PBXContainerItemProxy */;
		};
/* End PBXTargetDependency section */

/* Begin PBXVariantGroup section */
		06F158E81AFC5DE1006F7007 /* MainMenu.xib */ = {
			isa = PBXVariantGroup;
			children = (
				06F158E91AFC5DE1006F7007 /* Base */,
			);
			name = MainMenu.xib;
			sourceTree = "<group>";
		};
/* End PBXVariantGroup section */

/* Begin XCBuildConfiguration section */
		06F158F71AFC5DE1006F7007 /* Debug */ = {
			isa = XCBuildConfiguration;
			buildSettings = {
				ALWAYS_SEARCH_USER_PATHS = NO;
				CLANG_CXX_LANGUAGE_STANDARD = "gnu++0x";
				CLANG_CXX_LIBRARY = "libc++";
				CLANG_ENABLE_MODULES = YES;
				CLANG_ENABLE_OBJC_ARC = YES;
				CLANG_WARN_BOOL_CONVERSION = YES;
				CLANG_WARN_CONSTANT_CONVERSION = YES;
				CLANG_WARN_DIRECT_OBJC_ISA_USAGE = YES_ERROR;
				CLANG_WARN_EMPTY_BODY = YES;
				CLANG_WARN_ENUM_CONVERSION = YES;
				CLANG_WARN_INT_CONVERSION = YES;
				CLANG_WARN_OBJC_ROOT_CLASS = YES_ERROR;
				CLANG_WARN_UNREACHABLE_CODE = YES;
				CLANG_WARN__DUPLICATE_METHOD_MATCH = YES;
				CODE_SIGN_IDENTITY = "-";
				COPY_PHASE_STRIP = NO;
				DEBUG_INFORMATION_FORMAT = dwarf;
				ENABLE_STRICT_OBJC_MSGSEND = YES;
				GCC_C_LANGUAGE_STANDARD = gnu99;
				GCC_DYNAMIC_NO_PIC = NO;
				GCC_NO_COMMON_BLOCKS = YES;
				GCC_OPTIMIZATION_LEVEL = 0;
				GCC_PREPROCESSOR_DEFINITIONS = (
					"DEBUG=1",
					"$(inherited)",
				);
				GCC_SYMBOLS_PRIVATE_EXTERN = NO;
				GCC_WARN_64_TO_32_BIT_CONVERSION = YES;
				GCC_WARN_ABOUT_RETURN_TYPE = YES_ERROR;
				GCC_WARN_UNDECLARED_SELECTOR = YES;
				GCC_WARN_UNINITIALIZED_AUTOS = YES_AGGRESSIVE;
				GCC_WARN_UNUSED_FUNCTION = YES;
				GCC_WARN_UNUSED_VARIABLE = YES;
				MACOSX_DEPLOYMENT_TARGET = 10.10;
				MTL_ENABLE_DEBUG_INFO = YES;
				ONLY_ACTIVE_ARCH = YES;
				SDKROOT = macosx;
				SWIFT_OPTIMIZATION_LEVEL = "-Onone";
			};
			name = Debug;
		};
		06F158F81AFC5DE1006F7007 /* Release */ = {
			isa = XCBuildConfiguration;
			buildSettings = {
				ALWAYS_SEARCH_USER_PATHS = NO;
				CLANG_CXX_LANGUAGE_STANDARD = "gnu++0x";
				CLANG_CXX_LIBRARY = "libc++";
				CLANG_ENABLE_MODULES = YES;
				CLANG_ENABLE_OBJC_ARC = YES;
				CLANG_WARN_BOOL_CONVERSION = YES;
				CLANG_WARN_CONSTANT_CONVERSION = YES;
				CLANG_WARN_DIRECT_OBJC_ISA_USAGE = YES_ERROR;
				CLANG_WARN_EMPTY_BODY = YES;
				CLANG_WARN_ENUM_CONVERSION = YES;
				CLANG_WARN_INT_CONVERSION = YES;
				CLANG_WARN_OBJC_ROOT_CLASS = YES_ERROR;
				CLANG_WARN_UNREACHABLE_CODE = YES;
				CLANG_WARN__DUPLICATE_METHOD_MATCH = YES;
				CODE_SIGN_IDENTITY = "-";
				COPY_PHASE_STRIP = NO;
				DEBUG_INFORMATION_FORMAT = "dwarf-with-dsym";
				ENABLE_NS_ASSERTIONS = NO;
				ENABLE_STRICT_OBJC_MSGSEND = YES;
				GCC_C_LANGUAGE_STANDARD = gnu99;
				GCC_NO_COMMON_BLOCKS = YES;
				GCC_WARN_64_TO_32_BIT_CONVERSION = YES;
				GCC_WARN_ABOUT_RETURN_TYPE = YES_ERROR;
				GCC_WARN_UNDECLARED_SELECTOR = YES;
				GCC_WARN_UNINITIALIZED_AUTOS = YES_AGGRESSIVE;
				GCC_WARN_UNUSED_FUNCTION = YES;
				GCC_WARN_UNUSED_VARIABLE = YES;
				MACOSX_DEPLOYMENT_TARGET = 10.10;
				MTL_ENABLE_DEBUG_INFO = NO;
				SDKROOT = macosx;
			};
			name = Release;
		};
		06F158FA1AFC5DE1006F7007 /* Debug */ = {
			isa = XCBuildConfiguration;
			buildSettings = {
				ASSETCATALOG_COMPILER_APPICON_NAME = AppIcon;
				COMBINE_HIDPI_IMAGES = YES;
				INFOPLIST_FILE = octowriter/Info.plist;
				LD_RUNPATH_SEARCH_PATHS = "$(inherited) @executable_path/../Frameworks";
				PRODUCT_NAME = "$(TARGET_NAME)";
			};
			name = Debug;
		};
		06F158FB1AFC5DE1006F7007 /* Release */ = {
			isa = XCBuildConfiguration;
			buildSettings = {
				ASSETCATALOG_COMPILER_APPICON_NAME = AppIcon;
				COMBINE_HIDPI_IMAGES = YES;
				INFOPLIST_FILE = octowriter/Info.plist;
				LD_RUNPATH_SEARCH_PATHS = "$(inherited) @executable_path/../Frameworks";
				PRODUCT_NAME = "$(TARGET_NAME)";
			};
			name = Release;
		};
		06F158FD1AFC5DE1006F7007 /* Debug */ = {
			isa = XCBuildConfiguration;
			buildSettings = {
				BUNDLE_LOADER = "$(TEST_HOST)";
				COMBINE_HIDPI_IMAGES = YES;
				FRAMEWORK_SEARCH_PATHS = (
					"$(DEVELOPER_FRAMEWORKS_DIR)",
					"$(inherited)",
				);
				GCC_PREPROCESSOR_DEFINITIONS = (
					"DEBUG=1",
					"$(inherited)",
				);
				INFOPLIST_FILE = octowriterTests/Info.plist;
				LD_RUNPATH_SEARCH_PATHS = "$(inherited) @executable_path/../Frameworks @loader_path/../Frameworks";
				PRODUCT_NAME = "$(TARGET_NAME)";
				TEST_HOST = "$(BUILT_PRODUCTS_DIR)/octowriter.app/Contents/MacOS/octowriter";
			};
			name = Debug;
		};
		06F158FE1AFC5DE1006F7007 /* Release */ = {
			isa = XCBuildConfiguration;
			buildSettings = {
				BUNDLE_LOADER = "$(TEST_HOST)";
				COMBINE_HIDPI_IMAGES = YES;
				FRAMEWORK_SEARCH_PATHS = (
					"$(DEVELOPER_FRAMEWORKS_DIR)",
					"$(inherited)",
				);
				INFOPLIST_FILE = octowriterTests/Info.plist;
				LD_RUNPATH_SEARCH_PATHS = "$(inherited) @executable_path/../Frameworks @loader_path/../Frameworks";
				PRODUCT_NAME = "$(TARGET_NAME)";
				TEST_HOST = "$(BUILT_PRODUCTS_DIR)/octowriter.app/Contents/MacOS/octowriter";
			};
			name = Release;
		};
/* End XCBuildConfiguration section */

/* Begin XCConfigurationList section */
		06F158DA1AFC5DE1006F7007 /* Build configuration list for PBXProject "octowriter" */ = {
			isa = XCConfigurationList;
			buildConfigurations = (
				06F158F71AFC5DE1006F7007 /* Debug */,
				06F158F81AFC5DE1006F7007 /* Release */,
			);
			defaultConfigurationIsVisible = 0;
			defaultConfigurationName = Release;
		};
		06F158F91AFC5DE1006F7007 /* Build configuration list for PBXNativeTarget "octowriter" */ = {
			isa = XCConfigurationList;
			buildConfigurations = (
				06F158FA1AFC5DE1006F7007 /* Debug */,
				06F158FB1AFC5DE1006F7007 /* Release */,
			);
			defaultConfigurationIsVisible = 0;
		};
		06F158FC1AFC5DE1006F7007 /* Build configuration list for PBXNativeTarget "octowriterTests" */ = {
			isa = XCConfigurationList;
			buildConfigurations = (
				06F158FD1AFC5DE1006F7007 /* Debug */,
				06F158FE1AFC5DE1006F7007 /* Release */,
			);
			defaultConfigurationIsVisible = 0;
		};
/* End XCConfigurationList section */
	};
	rootObject = 06F158D71AFC5DE1006F7007 /* Project object */;
}
